
Microsoft Visual Studio Solution File, Format Version 12.00
# Visual Studio Version 16
VisualStudioVersion = 16.0.31424.327
MinimumVisualStudioVersion = 10.0.40219.1
Project("{2150E333-8FDC-42A3-9474-1A3956D46DE8}") = "01 - OOP", "01 - OOP", "{F230977B-BF7A-4D58-AEE3-B534C2C8458D}"
EndProject
Project("{FAE04EC0-301F-11D3-BF4B-00C04F79EFBC}") = "OOP", "OOP\OOP.csproj", "{06FC2F5E-1FD1-4CCC-98AD-463DC291C305}"
EndProject
Global
	GlobalSection(SolutionConfigurationPlatforms) = preSolution
		Debug|Any CPU = Debug|Any CPU
		Release|Any CPU = Release|Any CPU
	EndGlobalSection
	GlobalSection(ProjectConfigurationPlatforms) = postSolution
		{06FC2F5E-1FD1-4CCC-98AD-463DC291C305}.Debug|Any CPU.ActiveCfg = Debug|Any CPU
		{06FC2F5E-1FD1-4CCC-98AD-463DC291C305}.Debug|Any CPU.Build.0 = Debug|Any CPU
		{06FC2F5E-1FD1-4CCC-98AD-463DC291C305}.Release|Any CPU.ActiveCfg = Release|Any CPU
		{06FC2F5E-1FD1-4CCC-98AD-463DC291C305}.Release|Any CPU.Build.0 = Release|Any CPU
	EndGlobalSection
	GlobalSection(SolutionProperties) = preSolution
		HideSolutionNode = FALSE
	EndGlobalSection
	GlobalSection(NestedProjects) = preSolution
		{06FC2F5E-1FD1-4CCC-98AD-463DC291C305} = {F230977B-BF7A-4D58-AEE3-B534C2C8458D}
	EndGlobalSection
	GlobalSection(ExtensibilityGlobals) = postSolution
		SolutionGuid = {163ADC23-B7A1-432B-8933-3F704255370F}
	EndGlobalSection
EndGlobal
